// !$*UTF8*$!
{
	archiveVersion = 1;
	classes = {
	};
	objectVersion = 48;
	objects = {

/* Begin PBXBuildFile section */
		D792EBF81F9CC92C005CB969 /* AppDelegate.swift in Sources */ = {isa = PBXBuildFile; fileRef = D792EBF71F9CC92C005CB969 /* AppDelegate.swift */; };
		D792EBFA1F9CC92C005CB969 /* ViewController.swift in Sources */ = {isa = PBXBuildFile; fileRef = D792EBF91F9CC92C005CB969 /* ViewController.swift */; };
		D792EBFD1F9CC92C005CB969 /* Main.storyboard in Resources */ = {isa = PBXBuildFile; fileRef = D792EBFB1F9CC92C005CB969 /* Main.storyboard */; };
		D792EBFF1F9CC92C005CB969 /* Assets.xcassets in Resources */ = {isa = PBXBuildFile; fileRef = D792EBFE1F9CC92C005CB969 /* Assets.xcassets */; };
		D792EC021F9CC92C005CB969 /* LaunchScreen.storyboard in Resources */ = {isa = PBXBuildFile; fileRef = D792EC001F9CC92C005CB969 /* LaunchScreen.storyboard */; };
		D792EC0D1F9CC92D005CB969 /* tableViewTests.swift in Sources */ = {isa = PBXBuildFile; fileRef = D792EC0C1F9CC92D005CB969 /* tableViewTests.swift */; };
		D792EC181F9CC92D005CB969 /* tableViewUITests.swift in Sources */ = {isa = PBXBuildFile; fileRef = D792EC171F9CC92D005CB969 /* tableViewUITests.swift */; };
/* End PBXBuildFile section */

/* Begin PBXContainerItemProxy section */
		D792EC091F9CC92D005CB969 /* PBXContainerItemProxy */ = {
			isa = PBXContainerItemProxy;
			containerPortal = D792EBEC1F9CC92B005CB969 /* Project object */;
			proxyType = 1;
			remoteGlobalIDString = D792EBF31F9CC92B005CB969;
			remoteInfo = tableView;
		};
		D792EC141F9CC92D005CB969 /* PBXContainerItemProxy */ = {
			isa = PBXContainerItemProxy;
			containerPortal = D792EBEC1F9CC92B005CB969 /* Project object */;
			proxyType = 1;
			remoteGlobalIDString = D792EBF31F9CC92B005CB969;
			remoteInfo = tableView;
		};
/* End PBXContainerItemProxy section */

/* Begin PBXFileReference section */
		D792EBF41F9CC92B005CB969 /* tableView.app */ = {isa = PBXFileReference; explicitFileType = wrapper.application; includeInIndex = 0; path = tableView.app; sourceTree = BUILT_PRODUCTS_DIR; };
		D792EBF71F9CC92C005CB969 /* AppDelegate.swift */ = {isa = PBXFileReference; lastKnownFileType = sourcecode.swift; path = AppDelegate.swift; sourceTree = "<group>"; };
		D792EBF91F9CC92C005CB969 /* ViewController.swift */ = {isa = PBXFileReference; lastKnownFileType = sourcecode.swift; path = ViewController.swift; sourceTree = "<group>"; };
		D792EBFC1F9CC92C005CB969 /* Base */ = {isa = PBXFileReference; lastKnownFileType = file.storyboard; name = Base; path = Base.lproj/Main.storyboard; sourceTree = "<group>"; };
		D792EBFE1F9CC92C005CB969 /* Assets.xcassets */ = {isa = PBXFileReference; lastKnownFileType = folder.assetcatalog; path = Assets.xcassets; sourceTree = "<group>"; };
		D792EC011F9CC92C005CB969 /* Base */ = {isa = PBXFileReference; lastKnownFileType = file.storyboard; name = Base; path = Base.lproj/LaunchScreen.storyboard; sourceTree = "<group>"; };
		D792EC031F9CC92C005CB969 /* Info.plist */ = {isa = PBXFileReference; lastKnownFileType = text.plist.xml; path = Info.plist; sourceTree = "<group>"; };
		D792EC081F9CC92D005CB969 /* tableViewTests.xctest */ = {isa = PBXFileReference; explicitFileType = wrapper.cfbundle; includeInIndex = 0; path = tableViewTests.xctest; sourceTree = BUILT_PRODUCTS_DIR; };
		D792EC0C1F9CC92D005CB969 /* tableViewTests.swift */ = {isa = PBXFileReference; lastKnownFileType = sourcecode.swift; path = tableViewTests.swift; sourceTree = "<group>"; };
		D792EC0E1F9CC92D005CB969 /* Info.plist */ = {isa = PBXFileReference; lastKnownFileType = text.plist.xml; path = Info.plist; sourceTree = "<group>"; };
		D792EC131F9CC92D005CB969 /* tableViewUITests.xctest */ = {isa = PBXFileReference; explicitFileType = wrapper.cfbundle; includeInIndex = 0; path = tableViewUITests.xctest; sourceTree = BUILT_PRODUCTS_DIR; };
		D792EC171F9CC92D005CB969 /* tableViewUITests.swift */ = {isa = PBXFileReference; lastKnownFileType = sourcecode.swift; path = tableViewUITests.swift; sourceTree = "<group>"; };
		D792EC191F9CC92D005CB969 /* Info.plist */ = {isa = PBXFileReference; lastKnownFileType = text.plist.xml; path = Info.plist; sourceTree = "<group>"; };
/* End PBXFileReference section */

/* Begin PBXFrameworksBuildPhase section */
		D792EBF11F9CC92B005CB969 /* Frameworks */ = {
			isa = PBXFrameworksBuildPhase;
			buildActionMask = 2147483647;
			files = (
			);
			runOnlyForDeploymentPostprocessing = 0;
		};
		D792EC051F9CC92D005CB969 /* Frameworks */ = {
			isa = PBXFrameworksBuildPhase;
			buildActionMask = 2147483647;
			files = (
			);
			runOnlyForDeploymentPostprocessing = 0;
		};
		D792EC101F9CC92D005CB969 /* Frameworks */ = {
			isa = PBXFrameworksBuildPhase;
			buildActionMask = 2147483647;
			files = (
			);
			runOnlyForDeploymentPostprocessing = 0;
		};
/* End PBXFrameworksBuildPhase section */

/* Begin PBXGroup section */
		D792EBEB1F9CC92B005CB969 = {
			isa = PBXGroup;
			children = (
				D792EBF61F9CC92B005CB969 /* tableView */,
				D792EC0B1F9CC92D005CB969 /* tableViewTests */,
				D792EC161F9CC92D005CB969 /* tableViewUITests */,
				D792EBF51F9CC92B005CB969 /* Products */,
			);
			sourceTree = "<group>";
		};
		D792EBF51F9CC92B005CB969 /* Products */ = {
			isa = PBXGroup;
			children = (
				D792EBF41F9CC92B005CB969 /* tableView.app */,
				D792EC081F9CC92D005CB969 /* tableViewTests.xctest */,
				D792EC131F9CC92D005CB969 /* tableViewUITests.xctest */,
			);
			name = Products;
			sourceTree = "<group>";
		};
		D792EBF61F9CC92B005CB969 /* tableView */ = {
			isa = PBXGroup;
			children = (
				D792EBF71F9CC92C005CB969 /* AppDelegate.swift */,
				D792EBF91F9CC92C005CB969 /* ViewController.swift */,
				D792EBFB1F9CC92C005CB969 /* Main.storyboard */,
				D792EBFE1F9CC92C005CB969 /* Assets.xcassets */,
				D792EC001F9CC92C005CB969 /* LaunchScreen.storyboard */,
				D792EC031F9CC92C005CB969 /* Info.plist */,
			);
			path = tableView;
			sourceTree = "<group>";
		};
		D792EC0B1F9CC92D005CB969 /* tableViewTests */ = {
			isa = PBXGroup;
			children = (
				D792EC0C1F9CC92D005CB969 /* tableViewTests.swift */,
				D792EC0E1F9CC92D005CB969 /* Info.plist */,
			);
			path = tableViewTests;
			sourceTree = "<group>";
		};
		D792EC161F9CC92D005CB969 /* tableViewUITests */ = {
			isa = PBXGroup;
			children = (
				D792EC171F9CC92D005CB969 /* tableViewUITests.swift */,
				D792EC191F9CC92D005CB969 /* Info.plist */,
			);
			path = tableViewUITests;
			sourceTree = "<group>";
		};
/* End PBXGroup section */

/* Begin PBXNativeTarget section */
		D792EBF31F9CC92B005CB969 /* tableView */ = {
			isa = PBXNativeTarget;
			buildConfigurationList = D792EC1C1F9CC92D005CB969 /* Build configuration list for PBXNativeTarget "tableView" */;
			buildPhases = (
				D792EBF01F9CC92B005CB969 /* Sources */,
				D792EBF11F9CC92B005CB969 /* Frameworks */,
				D792EBF21F9CC92B005CB969 /* Resources */,
			);
			buildRules = (
			);
			dependencies = (
			);
			name = tableView;
			productName = tableView;
			productReference = D792EBF41F9CC92B005CB969 /* tableView.app */;
			productType = "com.apple.product-type.application";
		};
		D792EC071F9CC92D005CB969 /* tableViewTests */ = {
			isa = PBXNativeTarget;
			buildConfigurationList = D792EC1F1F9CC92D005CB969 /* Build configuration list for PBXNativeTarget "tableViewTests" */;
			buildPhases = (
				D792EC041F9CC92D005CB969 /* Sources */,
				D792EC051F9CC92D005CB969 /* Frameworks */,
				D792EC061F9CC92D005CB969 /* Resources */,
			);
			buildRules = (
			);
			dependencies = (
				D792EC0A1F9CC92D005CB969 /* PBXTargetDependency */,
			);
			name = tableViewTests;
			productName = tableViewTests;
			productReference = D792EC081F9CC92D005CB969 /* tableViewTests.xctest */;
			productType = "com.apple.product-type.bundle.unit-test";
		};
		D792EC121F9CC92D005CB969 /* tableViewUITests */ = {
			isa = PBXNativeTarget;
			buildConfigurationList = D792EC221F9CC92D005CB969 /* Build configuration list for PBXNativeTarget "tableViewUITests" */;
			buildPhases = (
				D792EC0F1F9CC92D005CB969 /* Sources */,
				D792EC101F9CC92D005CB969 /* Frameworks */,
				D792EC111F9CC92D005CB969 /* Resources */,
			);
			buildRules = (
			);
			dependencies = (
				D792EC151F9CC92D005CB969 /* PBXTargetDependency */,
			);
			name = tableViewUITests;
			productName = tableViewUITests;
			productReference = D792EC131F9CC92D005CB969 /* tableViewUITests.xctest */;
			productType = "com.apple.product-type.bundle.ui-testing";
		};
/* End PBXNativeTarget section */

/* Begin PBXProject section */
		D792EBEC1F9CC92B005CB969 /* Project object */ = {
			isa = PBXProject;
			attributes = {
				LastSwiftUpdateCheck = 0900;
				LastUpgradeCheck = 0900;
				ORGANIZATIONNAME = "致远";
				TargetAttributes = {
					D792EBF31F9CC92B005CB969 = {
						CreatedOnToolsVersion = 9.0;
						ProvisioningStyle = Automatic;
					};
					D792EC071F9CC92D005CB969 = {
						CreatedOnToolsVersion = 9.0;
						ProvisioningStyle = Automatic;
						TestTargetID = D792EBF31F9CC92B005CB969;
					};
					D792EC121F9CC92D005CB969 = {
						CreatedOnToolsVersion = 9.0;
						ProvisioningStyle = Automatic;
						TestTargetID = D792EBF31F9CC92B005CB969;
					};
				};
			};
			buildConfigurationList = D792EBEF1F9CC92B005CB969 /* Build configuration list for PBXProject "tableView" */;
			compatibilityVersion = "Xcode 8.0";
			developmentRegion = en;
			hasScannedForEncodings = 0;
			knownRegions = (
				en,
				Base,
			);
			mainGroup = D792EBEB1F9CC92B005CB969;
			productRefGroup = D792EBF51F9CC92B005CB969 /* Products */;
			projectDirPath = "";
			projectRoot = "";
			targets = (
				D792EBF31F9CC92B005CB969 /* tableView */,
				D792EC071F9CC92D005CB969 /* tableViewTests */,
				D792EC121F9CC92D005CB969 /* tableViewUITests */,
			);
		};
/* End PBXProject section */

/* Begin PBXResourcesBuildPhase section */
		D792EBF21F9CC92B005CB969 /* Resources */ = {
			isa = PBXResourcesBuildPhase;
			buildActionMask = 2147483647;
			files = (
				D792EC021F9CC92C005CB969 /* LaunchScreen.storyboard in Resources */,
				D792EBFF1F9CC92C005CB969 /* Assets.xcassets in Resources */,
				D792EBFD1F9CC92C005CB969 /* Main.storyboard in Resources */,
			);
			runOnlyForDeploymentPostprocessing = 0;
		};
		D792EC061F9CC92D005CB969 /* Resources */ = {
			isa = PBXResourcesBuildPhase;
			buildActionMask = 2147483647;
			files = (
			);
			runOnlyForDeploymentPostprocessing = 0;
		};
		D792EC111F9CC92D005CB969 /* Resources */ = {
			isa = PBXResourcesBuildPhase;
			buildActionMask = 2147483647;
			files = (
			);
			runOnlyForDeploymentPostprocessing = 0;
		};
/* End PBXResourcesBuildPhase section */

/* Begin PBXSourcesBuildPhase section */
		D792EBF01F9CC92B005CB969 /* Sources */ = {
			isa = PBXSourcesBuildPhase;
			buildActionMask = 2147483647;
			files = (
				D792EBFA1F9CC92C005CB969 /* ViewController.swift in Sources */,
				D792EBF81F9CC92C005CB969 /* AppDelegate.swift in Sources */,
			);
			runOnlyForDeploymentPostprocessing = 0;
		};
		D792EC041F9CC92D005CB969 /* Sources */ = {
			isa = PBXSourcesBuildPhase;
			buildActionMask = 2147483647;
			files = (
				D792EC0D1F9CC92D005CB969 /* tableViewTests.swift in Sources */,
			);
			runOnlyForDeploymentPostprocessing = 0;
		};
		D792EC0F1F9CC92D005CB969 /* Sources */ = {
			isa = PBXSourcesBuildPhase;
			buildActionMask = 2147483647;
			files = (
				D792EC181F9CC92D005CB969 /* tableViewUITests.swift in Sources */,
			);
			runOnlyForDeploymentPostprocessing = 0;
		};
/* End PBXSourcesBuildPhase section */

/* Begin PBXTargetDependency section */
		D792EC0A1F9CC92D005CB969 /* PBXTargetDependency */ = {
			isa = PBXTargetDependency;
			target = D792EBF31F9CC92B005CB969 /* tableView */;
			targetProxy = D792EC091F9CC92D005CB969 /* PBXContainerItemProxy */;
		};
		D792EC151F9CC92D005CB969 /* PBXTargetDependency */ = {
			isa = PBXTargetDependency;
			target = D792EBF31F9CC92B005CB969 /* tableView */;
			targetProxy = D792EC141F9CC92D005CB969 /* PBXContainerItemProxy */;
		};
/* End PBXTargetDependency section */

/* Begin PBXVariantGroup section */
		D792EBFB1F9CC92C005CB969 /* Main.storyboard */ = {
			isa = PBXVariantGroup;
			children = (
				D792EBFC1F9CC92C005CB969 /* Base */,
			);
			name = Main.storyboard;
			sourceTree = "<group>";
		};
		D792EC001F9CC92C005CB969 /* LaunchScreen.storyboard */ = {
			isa = PBXVariantGroup;
			children = (
				D792EC011F9CC92C005CB969 /* Base */,
			);
			name = LaunchScreen.storyboard;
			sourceTree = "<group>";
		};
/* End PBXVariantGroup section */

/* Begin XCBuildConfiguration section */
		D792EC1A1F9CC92D005CB969 /* Debug */ = {
			isa = XCBuildConfiguration;
			buildSettings = {
				ALWAYS_SEARCH_USER_PATHS = NO;
				CLANG_ANALYZER_NONNULL = YES;
				CLANG_ANALYZER_NUMBER_OBJECT_CONVERSION = YES_AGGRESSIVE;
				CLANG_CXX_LANGUAGE_STANDARD = "gnu++14";
				CLANG_CXX_LIBRARY = "libc++";
				CLANG_ENABLE_MODULES = YES;
				CLANG_ENABLE_OBJC_ARC = YES;
				CLANG_WARN_BLOCK_CAPTURE_AUTORELEASING = YES;
				CLANG_WARN_BOOL_CONVERSION = YES;
				CLANG_WARN_COMMA = YES;
				CLANG_WARN_CONSTANT_CONVERSION = YES;
				CLANG_WARN_DIRECT_OBJC_ISA_USAGE = YES_ERROR;
				CLANG_WARN_DOCUMENTATION_COMMENTS = YES;
				CLANG_WARN_EMPTY_BODY = YES;
				CLANG_WARN_ENUM_CONVERSION = YES;
				CLANG_WARN_INFINITE_RECURSION = YES;
				CLANG_WARN_INT_CONVERSION = YES;
				CLANG_WARN_NON_LITERAL_NULL_CONVERSION = YES;
				CLANG_WARN_OBJC_LITERAL_CONVERSION = YES;
				CLANG_WARN_OBJC_ROOT_CLASS = YES_ERROR;
				CLANG_WARN_RANGE_LOOP_ANALYSIS = YES;
				CLANG_WARN_STRICT_PROTOTYPES = YES;
				CLANG_WARN_SUSPICIOUS_MOVE = YES;
				CLANG_WARN_UNGUARDED_AVAILABILITY = YES_AGGRESSIVE;
				CLANG_WARN_UNREACHABLE_CODE = YES;
				CLANG_WARN__DUPLICATE_METHOD_MATCH = YES;
				CODE_SIGN_IDENTITY = "iPhone Developer";
				COPY_PHASE_STRIP = NO;
				DEBUG_INFORMATION_FORMAT = dwarf;
				ENABLE_STRICT_OBJC_MSGSEND = YES;
				ENABLE_TESTABILITY = YES;
				GCC_C_LANGUAGE_STANDARD = gnu11;
				GCC_DYNAMIC_NO_PIC = NO;
				GCC_NO_COMMON_BLOCKS = YES;
				GCC_OPTIMIZATION_LEVEL = 0;
				GCC_PREPROCESSOR_DEFINITIONS = (
					"DEBUG=1",
					"$(inherited)",
				);
				GCC_WARN_64_TO_32_BIT_CONVERSION = YES;
				GCC_WARN_ABOUT_RETURN_TYPE = YES_ERROR;
				GCC_WARN_UNDECLARED_SELECTOR = YES;
				GCC_WARN_UNINITIALIZED_AUTOS = YES_AGGRESSIVE;
				GCC_WARN_UNUSED_FUNCTION = YES;
				GCC_WARN_UNUSED_VARIABLE = YES;
				IPHONEOS_DEPLOYMENT_TARGET = 11.0;
				MTL_ENABLE_DEBUG_INFO = YES;
				ONLY_ACTIVE_ARCH = YES;
				SDKROOT = iphoneos;
				SWIFT_ACTIVE_COMPILATION_CONDITIONS = DEBUG;
				SWIFT_OPTIMIZATION_LEVEL = "-Onone";
			};
			name = Debug;
		};
		D792EC1B1F9CC92D005CB969 /* Release */ = {
			isa = XCBuildConfiguration;
			buildSettings = {
				ALWAYS_SEARCH_USER_PATHS = NO;
				CLANG_ANALYZER_NONNULL = YES;
				CLANG_ANALYZER_NUMBER_OBJECT_CONVERSION = YES_AGGRESSIVE;
				CLANG_CXX_LANGUAGE_STANDARD = "gnu++14";
				CLANG_CXX_LIBRARY = "libc++";
				CLANG_ENABLE_MODULES = YES;
				CLANG_ENABLE_OBJC_ARC = YES;
				CLANG_WARN_BLOCK_CAPTURE_AUTORELEASING = YES;
				CLANG_WARN_BOOL_CONVERSION = YES;
				CLANG_WARN_COMMA = YES;
				CLANG_WARN_CONSTANT_CONVERSION = YES;
				CLANG_WARN_DIRECT_OBJC_ISA_USAGE = YES_ERROR;
				CLANG_WARN_DOCUMENTATION_COMMENTS = YES;
				CLANG_WARN_EMPTY_BODY = YES;
				CLANG_WARN_ENUM_CONVERSION = YES;
				CLANG_WARN_INFINITE_RECURSION = YES;
				CLANG_WARN_INT_CONVERSION = YES;
				CLANG_WARN_NON_LITERAL_NULL_CONVERSION = YES;
				CLANG_WARN_OBJC_LITERAL_CONVERSION = YES;
				CLANG_WARN_OBJC_ROOT_CLASS = YES_ERROR;
				CLANG_WARN_RANGE_LOOP_ANALYSIS = YES;
				CLANG_WARN_STRICT_PROTOTYPES = YES;
				CLANG_WARN_SUSPICIOUS_MOVE = YES;
				CLANG_WARN_UNGUARDED_AVAILABILITY = YES_AGGRESSIVE;
				CLANG_WARN_UNREACHABLE_CODE = YES;
				CLANG_WARN__DUPLICATE_METHOD_MATCH = YES;
				CODE_SIGN_IDENTITY = "iPhone Developer";
				COPY_PHASE_STRIP = NO;
				DEBUG_INFORMATION_FORMAT = "dwarf-with-dsym";
				ENABLE_NS_ASSERTIONS = NO;
				ENABLE_STRICT_OBJC_MSGSEND = YES;
				GCC_C_LANGUAGE_STANDARD = gnu11;
				GCC_NO_COMMON_BLOCKS = YES;
				GCC_WARN_64_TO_32_BIT_CONVERSION = YES;
				GCC_WARN_ABOUT_RETURN_TYPE = YES_ERROR;
				GCC_WARN_UNDECLARED_SELECTOR = YES;
				GCC_WARN_UNINITIALIZED_AUTOS = YES_AGGRESSIVE;
				GCC_WARN_UNUSED_FUNCTION = YES;
				GCC_WARN_UNUSED_VARIABLE = YES;
				IPHONEOS_DEPLOYMENT_TARGET = 11.0;
				MTL_ENABLE_DEBUG_INFO = NO;
				SDKROOT = iphoneos;
				SWIFT_OPTIMIZATION_LEVEL = "-Owholemodule";
				VALIDATE_PRODUCT = YES;
			};
			name = Release;
		};
		D792EC1D1F9CC92D005CB969 /* Debug */ = {
			isa = XCBuildConfiguration;
			buildSettings = {
				ASSETCATALOG_COMPILER_APPICON_NAME = AppIcon;
				CODE_SIGN_STYLE = Automatic;
				INFOPLIST_FILE = tableView/Info.plist;
				LD_RUNPATH_SEARCH_PATHS = "$(inherited) @executable_path/Frameworks";
				PRODUCT_BUNDLE_IDENTIFIER = zhiyuan.tableView;
				PRODUCT_NAME = "$(TARGET_NAME)";
				SWIFT_VERSION = 4.0;
				TARGETED_DEVICE_FAMILY = "1,2";
			};
			name = Debug;
		};
		D792EC1E1F9CC92D005CB969 /* Release */ = {
			isa = XCBuildConfiguration;
			buildSettings = {
				ASSETCATALOG_COMPILER_APPICON_NAME = AppIcon;
				CODE_SIGN_STYLE = Automatic;
				INFOPLIST_FILE = tableView/Info.plist;
				LD_RUNPATH_SEARCH_PATHS = "$(inherited) @executable_path/Frameworks";
				PRODUCT_BUNDLE_IDENTIFIER = zhiyuan.tableView;
				PRODUCT_NAME = "$(TARGET_NAME)";
				SWIFT_VERSION = 4.0;
				TARGETED_DEVICE_FAMILY = "1,2";
			};
			name = Release;
		};
		D792EC201F9CC92D005CB969 /* Debug */ = {
			isa = XCBuildConfiguration;
			buildSettings = {
				ALWAYS_EMBED_SWIFT_STANDARD_LIBRARIES = YES;
				BUNDLE_LOADER = "$(TEST_HOST)";
				CODE_SIGN_STYLE = Automatic;
				INFOPLIST_FILE = tableViewTests/Info.plist;
				LD_RUNPATH_SEARCH_PATHS = "$(inherited) @executable_path/Frameworks @loader_path/Frameworks";
				PRODUCT_BUNDLE_IDENTIFIER = zhiyuan.tableViewTests;
				PRODUCT_NAME = "$(TARGET_NAME)";
				SWIFT_VERSION = 4.0;
				TARGETED_DEVICE_FAMILY = "1,2";
				TEST_HOST = "$(BUILT_PRODUCTS_DIR)/tableView.app/tableView";
			};
			name = Debug;
		};
		D792EC211F9CC92D005CB969 /* Release */ = {
			isa = XCBuildConfiguration;
			buildSettings = {
				ALWAYS_EMBED_SWIFT_STANDARD_LIBRARIES = YES;
				BUNDLE_LOADER = "$(TEST_HOST)";
				CODE_SIGN_STYLE = Automatic;
				INFOPLIST_FILE = tableViewTests/Info.plist;
				LD_RUNPATH_SEARCH_PATHS = "$(inherited) @executable_path/Frameworks @loader_path/Frameworks";
				PRODUCT_BUNDLE_IDENTIFIER = zhiyuan.tableViewTests;
				PRODUCT_NAME = "$(TARGET_NAME)";
				SWIFT_VERSION = 4.0;
				TARGETED_DEVICE_FAMILY = "1,2";
				TEST_HOST = "$(BUILT_PRODUCTS_DIR)/tableView.app/tableView";
			};
			name = Release;
		};
		D792EC231F9CC92D005CB969 /* Debug */ = {
			isa = XCBuildConfiguration;
			buildSettings = {
				ALWAYS_EMBED_SWIFT_STANDARD_LIBRARIES = YES;
				CODE_SIGN_STYLE = Automatic;
				INFOPLIST_FILE = tableViewUITests/Info.plist;
				LD_RUNPATH_SEARCH_PATHS = "$(inherited) @executable_path/Frameworks @loader_path/Frameworks";
				PRODUCT_BUNDLE_IDENTIFIER = zhiyuan.tableViewUITests;
				PRODUCT_NAME = "$(TARGET_NAME)";
				SWIFT_VERSION = 4.0;
				TARGETED_DEVICE_FAMILY = "1,2";
				TEST_TARGET_NAME = tableView;
			};
			name = Debug;
		};
		D792EC241F9CC92D005CB969 /* Release */ = {
			isa = XCBuildConfiguration;
			buildSettings = {
				ALWAYS_EMBED_SWIFT_STANDARD_LIBRARIES = YES;
				CODE_SIGN_STYLE = Automatic;
				INFOPLIST_FILE = tableViewUITests/Info.plist;
				LD_RUNPATH_SEARCH_PATHS = "$(inherited) @executable_path/Frameworks @loader_path/Frameworks";
				PRODUCT_BUNDLE_IDENTIFIER = zhiyuan.tableViewUITests;
				PRODUCT_NAME = "$(TARGET_NAME)";
				SWIFT_VERSION = 4.0;
				TARGETED_DEVICE_FAMILY = "1,2";
				TEST_TARGET_NAME = tableView;
			};
			name = Release;
		};
/* End XCBuildConfiguration section */

/* Begin XCConfigurationList section */
		D792EBEF1F9CC92B005CB969 /* Build configuration list for PBXProject "tableView" */ = {
			isa = XCConfigurationList;
			buildConfigurations = (
				D792EC1A1F9CC92D005CB969 /* Debug */,
				D792EC1B1F9CC92D005CB969 /* Release */,
			);
			defaultConfigurationIsVisible = 0;
			defaultConfigurationName = Release;
		};
		D792EC1C1F9CC92D005CB969 /* Build configuration list for PBXNativeTarget "tableView" */ = {
			isa = XCConfigurationList;
			buildConfigurations = (
				D792EC1D1F9CC92D005CB969 /* Debug */,
				D792EC1E1F9CC92D005CB969 /* Release */,
			);
			defaultConfigurationIsVisible = 0;
			defaultConfigurationName = Release;
		};
		D792EC1F1F9CC92D005CB969 /* Build configuration list for PBXNativeTarget "tableViewTests" */ = {
			isa = XCConfigurationList;
			buildConfigurations = (
				D792EC201F9CC92D005CB969 /* Debug */,
				D792EC211F9CC92D005CB969 /* Release */,
			);
			defaultConfigurationIsVisible = 0;
			defaultConfigurationName = Release;
		};
		D792EC221F9CC92D005CB969 /* Build configuration list for PBXNativeTarget "tableViewUITests" */ = {
			isa = XCConfigurationList;
			buildConfigurations = (
				D792EC231F9CC92D005CB969 /* Debug */,
				D792EC241F9CC92D005CB969 /* Release */,
			);
			defaultConfigurationIsVisible = 0;
			defaultConfigurationName = Release;
		};
/* End XCConfigurationList section */
	};
	rootObject = D792EBEC1F9CC92B005CB969 /* Project object */;
}
